
Microsoft Visual Studio Solution File, Format Version 12.00
# Visual Studio Version 17
VisualStudioVersion = 17.12.35707.178
MinimumVisualStudioVersion = 10.0.40219.1
Project("{FAE04EC0-301F-11D3-BF4B-00C04F79EFBC}") = "UserProfiles_API", "UserProfiles_API\UserProfiles_API.csproj", "{0D771525-699C-4CCA-979B-297A11F4B4C3}"
EndProject
Project("{2150E333-8FDC-42A3-9474-1A3956D46DE8}") = "Solution Items", "Solution Items", "{04001EFA-A870-4608-8D68-2848A5A526A1}"
	ProjectSection(SolutionItems) = preProject
		.gitignore = .gitignore
	EndProjectSection
EndProject
Global
	GlobalSection(SolutionConfigurationPlatforms) = preSolution
		Debug|Any CPU = Debug|Any CPU
		Release|Any CPU = Release|Any CPU
	EndGlobalSection
	GlobalSection(ProjectConfigurationPlatforms) = postSolution
		{0D771525-699C-4CCA-979B-297A11F4B4C3}.Debug|Any CPU.ActiveCfg = Debug|Any CPU
		{0D771525-699C-4CCA-979B-297A11F4B4C3}.Debug|Any CPU.Build.0 = Debug|Any CPU
		{0D771525-699C-4CCA-979B-297A11F4B4C3}.Release|Any CPU.ActiveCfg = Release|Any CPU
		{0D771525-699C-4CCA-979B-297A11F4B4C3}.Release|Any CPU.Build.0 = Release|Any CPU
	EndGlobalSection
	GlobalSection(SolutionProperties) = preSolution
		HideSolutionNode = FALSE
	EndGlobalSection
EndGlobal
